
Microsoft Visual Studio Solution File, Format Version 12.00
# Visual Studio Version 16
VisualStudioVersion = 16.0.31005.135
MinimumVisualStudioVersion = 10.0.40219.1
Project("{9A19103F-16F7-4668-BE54-9A1E7A4F7556}") = "WebApplication1", "WebApplication1.csproj", "{60398CDE-98B0-457C-B902-4500DECCBB85}"
EndProject
Project("{FAE04EC0-301F-11D3-BF4B-00C04F79EFBC}") = "TestOnBoardingProject", "..\TestOnBoardingProject\TestOnBoardingProject.csproj", "{361C8F5F-DD61-420D-BFE3-7334077EF6CE}"
EndProject
Global
	GlobalSection(SolutionConfigurationPlatforms) = preSolution
		Debug|Any CPU = Debug|Any CPU
		Release|Any CPU = Release|Any CPU
	EndGlobalSection
	GlobalSection(ProjectConfigurationPlatforms) = postSolution
		{60398CDE-98B0-457C-B902-4500DECCBB85}.Debug|Any CPU.ActiveCfg = Debug|Any CPU
		{60398CDE-98B0-457C-B902-4500DECCBB85}.Debug|Any CPU.Build.0 = Debug|Any CPU
		{60398CDE-98B0-457C-B902-4500DECCBB85}.Release|Any CPU.ActiveCfg = Release|Any CPU
		{60398CDE-98B0-457C-B902-4500DECCBB85}.Release|Any CPU.Build.0 = Release|Any CPU
		{361C8F5F-DD61-420D-BFE3-7334077EF6CE}.Debug|Any CPU.ActiveCfg = Debug|Any CPU
		{361C8F5F-DD61-420D-BFE3-7334077EF6CE}.Debug|Any CPU.Build.0 = Debug|Any CPU
		{361C8F5F-DD61-420D-BFE3-7334077EF6CE}.Release|Any CPU.ActiveCfg = Release|Any CPU
		{361C8F5F-DD61-420D-BFE3-7334077EF6CE}.Release|Any CPU.Build.0 = Release|Any CPU
	EndGlobalSection
	GlobalSection(SolutionProperties) = preSolution
		HideSolutionNode = FALSE
	EndGlobalSection
	GlobalSection(ExtensibilityGlobals) = postSolution
		SolutionGuid = {28CA383E-6E81-46DB-B1CB-D1195754D924}
	EndGlobalSection
EndGlobal
